
Microsoft Visual Studio Solution File, Format Version 12.00
# Visual Studio Version 17
VisualStudioVersion = 17.3.32922.545
MinimumVisualStudioVersion = 10.0.40219.1
Project("{FAE04EC0-301F-11D3-BF4B-00C04F79EFBC}") = "Prototipo1", "Prototipo1\Prototipo1.csproj", "{C57C130F-4638-4650-BE11-3330FB2AE02E}"
EndProject
Global
	GlobalSection(SolutionConfigurationPlatforms) = preSolution
		Debug|Any CPU = Debug|Any CPU
		Release|Any CPU = Release|Any CPU
	EndGlobalSection
	GlobalSection(ProjectConfigurationPlatforms) = postSolution
		{C57C130F-4638-4650-BE11-3330FB2AE02E}.Debug|Any CPU.ActiveCfg = Debug|Any CPU
		{C57C130F-4638-4650-BE11-3330FB2AE02E}.Debug|Any CPU.Build.0 = Debug|Any CPU
		{C57C130F-4638-4650-BE11-3330FB2AE02E}.Release|Any CPU.ActiveCfg = Release|Any CPU
		{C57C130F-4638-4650-BE11-3330FB2AE02E}.Release|Any CPU.Build.0 = Release|Any CPU
	EndGlobalSection
	GlobalSection(SolutionProperties) = preSolution
		HideSolutionNode = FALSE
	EndGlobalSection
	GlobalSection(ExtensibilityGlobals) = postSolution
		SolutionGuid = {8CFC4194-0319-4FCF-96A2-3C148FB00B4A}
	EndGlobalSection
EndGlobal
